// !$*UTF8*$!
{
	archiveVersion = 1;
	classes = {
	};
	objectVersion = 50;
	objects = {

/* Begin PBXBuildFile section */
		BC74DCCA13D51719631BF92D /* Pods_SongBook.framework in Frameworks */ = {isa = PBXBuildFile; fileRef = BBBEB5962E270B9F7AB831B6 /* Pods_SongBook.framework */; };
		D414498921BEA326005FDB67 /* IUIUpdatable.swift in Sources */ = {isa = PBXBuildFile; fileRef = D414498821BEA326005FDB67 /* IUIUpdatable.swift */; };
		D414498D21BEA5AB005FDB67 /* SongModel.swift in Sources */ = {isa = PBXBuildFile; fileRef = D414498C21BEA5AB005FDB67 /* SongModel.swift */; };
		D414499021BEA674005FDB67 /* SongListViewModel.swift in Sources */ = {isa = PBXBuildFile; fileRef = D414498F21BEA674005FDB67 /* SongListViewModel.swift */; };
		D414499721BEA995005FDB67 /* SongListTableViewDataSource.swift in Sources */ = {isa = PBXBuildFile; fileRef = D414499621BEA995005FDB67 /* SongListTableViewDataSource.swift */; };
		D414499921BEAB17005FDB67 /* SongListBuilder.swift in Sources */ = {isa = PBXBuildFile; fileRef = D414499821BEAB17005FDB67 /* SongListBuilder.swift */; };
		D414499C21BEB96C005FDB67 /* SongView.swift in Sources */ = {isa = PBXBuildFile; fileRef = D414499B21BEB96C005FDB67 /* SongView.swift */; };
		D4258A9021BFAF55001C2E38 /* String+Extension.swift in Sources */ = {isa = PBXBuildFile; fileRef = D4258A8F21BFAF55001C2E38 /* String+Extension.swift */; };
		D4258A9321BFB448001C2E38 /* BaseCoreDataProxy.swift in Sources */ = {isa = PBXBuildFile; fileRef = D4258A9221BFB448001C2E38 /* BaseCoreDataProxy.swift */; };
		D4357A7721A99F94003EA666 /* AppDelegate.swift in Sources */ = {isa = PBXBuildFile; fileRef = D4357A7621A99F94003EA666 /* AppDelegate.swift */; };
		D4357A7921A99F94003EA666 /* SongListViewController.swift in Sources */ = {isa = PBXBuildFile; fileRef = D4357A7821A99F94003EA666 /* SongListViewController.swift */; };
		D4357A7F21A99F95003EA666 /* SongBook.xcdatamodeld in Sources */ = {isa = PBXBuildFile; fileRef = D4357A7D21A99F95003EA666 /* SongBook.xcdatamodeld */; };
		D4357A8121A99F96003EA666 /* Assets.xcassets in Resources */ = {isa = PBXBuildFile; fileRef = D4357A8021A99F96003EA666 /* Assets.xcassets */; };
		D4357A8421A99F96003EA666 /* LaunchScreen.storyboard in Resources */ = {isa = PBXBuildFile; fileRef = D4357A8221A99F96003EA666 /* LaunchScreen.storyboard */; };
		D4357A8C21A9A9D7003EA666 /* GoogleService-Info.plist in Resources */ = {isa = PBXBuildFile; fileRef = D4357A8B21A9A9D7003EA666 /* GoogleService-Info.plist */; };
		D4357A9321A9BC54003EA666 /* IInitializer.swift in Sources */ = {isa = PBXBuildFile; fileRef = D4357A9221A9BC54003EA666 /* IInitializer.swift */; };
		D4357A9521A9BD1F003EA666 /* InitializableViewController.swift in Sources */ = {isa = PBXBuildFile; fileRef = D4357A9421A9BD1F003EA666 /* InitializableViewController.swift */; };
		D4357A9721A9BF4A003EA666 /* SongListInitializer.swift in Sources */ = {isa = PBXBuildFile; fileRef = D4357A9621A9BF4A003EA666 /* SongListInitializer.swift */; };
		D4357A9B21A9C8C6003EA666 /* Common.xcassets in Resources */ = {isa = PBXBuildFile; fileRef = D4357A9A21A9C8C6003EA666 /* Common.xcassets */; };
/* End PBXBuildFile section */

/* Begin PBXFileReference section */
		18B2E23A93B8A7264DAFBB7E /* Pods-SongBook.release.xcconfig */ = {isa = PBXFileReference; includeInIndex = 1; lastKnownFileType = text.xcconfig; name = "Pods-SongBook.release.xcconfig"; path = "Pods/Target Support Files/Pods-SongBook/Pods-SongBook.release.xcconfig"; sourceTree = "<group>"; };
		436D8D80DEFE724CD1C957CA /* Pods-SongBook.debug.xcconfig */ = {isa = PBXFileReference; includeInIndex = 1; lastKnownFileType = text.xcconfig; name = "Pods-SongBook.debug.xcconfig"; path = "Pods/Target Support Files/Pods-SongBook/Pods-SongBook.debug.xcconfig"; sourceTree = "<group>"; };
		BBBEB5962E270B9F7AB831B6 /* Pods_SongBook.framework */ = {isa = PBXFileReference; explicitFileType = wrapper.framework; includeInIndex = 0; path = Pods_SongBook.framework; sourceTree = BUILT_PRODUCTS_DIR; };
		D414498821BEA326005FDB67 /* IUIUpdatable.swift */ = {isa = PBXFileReference; lastKnownFileType = sourcecode.swift; path = IUIUpdatable.swift; sourceTree = "<group>"; };
		D414498C21BEA5AB005FDB67 /* SongModel.swift */ = {isa = PBXFileReference; lastKnownFileType = sourcecode.swift; path = SongModel.swift; sourceTree = "<group>"; };
		D414498F21BEA674005FDB67 /* SongListViewModel.swift */ = {isa = PBXFileReference; lastKnownFileType = sourcecode.swift; path = SongListViewModel.swift; sourceTree = "<group>"; };
		D414499621BEA995005FDB67 /* SongListTableViewDataSource.swift */ = {isa = PBXFileReference; lastKnownFileType = sourcecode.swift; path = SongListTableViewDataSource.swift; sourceTree = "<group>"; };
		D414499821BEAB17005FDB67 /* SongListBuilder.swift */ = {isa = PBXFileReference; lastKnownFileType = sourcecode.swift; path = SongListBuilder.swift; sourceTree = "<group>"; };
		D414499B21BEB96C005FDB67 /* SongView.swift */ = {isa = PBXFileReference; lastKnownFileType = sourcecode.swift; path = SongView.swift; sourceTree = "<group>"; };
		D4258A8F21BFAF55001C2E38 /* String+Extension.swift */ = {isa = PBXFileReference; lastKnownFileType = sourcecode.swift; path = "String+Extension.swift"; sourceTree = "<group>"; };
		D4258A9221BFB448001C2E38 /* BaseCoreDataProxy.swift */ = {isa = PBXFileReference; lastKnownFileType = sourcecode.swift; path = BaseCoreDataProxy.swift; sourceTree = "<group>"; };
		D4357A7321A99F94003EA666 /* SongBook.app */ = {isa = PBXFileReference; explicitFileType = wrapper.application; includeInIndex = 0; path = SongBook.app; sourceTree = BUILT_PRODUCTS_DIR; };
		D4357A7621A99F94003EA666 /* AppDelegate.swift */ = {isa = PBXFileReference; lastKnownFileType = sourcecode.swift; path = AppDelegate.swift; sourceTree = "<group>"; };
		D4357A7821A99F94003EA666 /* SongListViewController.swift */ = {isa = PBXFileReference; lastKnownFileType = sourcecode.swift; path = SongListViewController.swift; sourceTree = "<group>"; };
		D4357A7E21A99F95003EA666 /* SongBook.xcdatamodel */ = {isa = PBXFileReference; lastKnownFileType = wrapper.xcdatamodel; path = SongBook.xcdatamodel; sourceTree = "<group>"; };
		D4357A8021A99F96003EA666 /* Assets.xcassets */ = {isa = PBXFileReference; lastKnownFileType = folder.assetcatalog; path = Assets.xcassets; sourceTree = "<group>"; };
		D4357A8321A99F96003EA666 /* Base */ = {isa = PBXFileReference; lastKnownFileType = file.storyboard; name = Base; path = Base.lproj/LaunchScreen.storyboard; sourceTree = "<group>"; };
		D4357A8521A99F96003EA666 /* Info.plist */ = {isa = PBXFileReference; lastKnownFileType = text.plist.xml; path = Info.plist; sourceTree = "<group>"; };
		D4357A8B21A9A9D7003EA666 /* GoogleService-Info.plist */ = {isa = PBXFileReference; fileEncoding = 4; lastKnownFileType = text.plist.xml; path = "GoogleService-Info.plist"; sourceTree = "<group>"; };
		D4357A9221A9BC54003EA666 /* IInitializer.swift */ = {isa = PBXFileReference; lastKnownFileType = sourcecode.swift; path = IInitializer.swift; sourceTree = "<group>"; };
		D4357A9421A9BD1F003EA666 /* InitializableViewController.swift */ = {isa = PBXFileReference; lastKnownFileType = sourcecode.swift; path = InitializableViewController.swift; sourceTree = "<group>"; };
		D4357A9621A9BF4A003EA666 /* SongListInitializer.swift */ = {isa = PBXFileReference; lastKnownFileType = sourcecode.swift; path = SongListInitializer.swift; sourceTree = "<group>"; };
		D4357A9A21A9C8C6003EA666 /* Common.xcassets */ = {isa = PBXFileReference; lastKnownFileType = folder.assetcatalog; path = Common.xcassets; sourceTree = "<group>"; };
/* End PBXFileReference section */

/* Begin PBXFrameworksBuildPhase section */
		D4357A7021A99F94003EA666 /* Frameworks */ = {
			isa = PBXFrameworksBuildPhase;
			buildActionMask = 2147483647;
			files = (
				BC74DCCA13D51719631BF92D /* Pods_SongBook.framework in Frameworks */,
			);
			runOnlyForDeploymentPostprocessing = 0;
		};
/* End PBXFrameworksBuildPhase section */

/* Begin PBXGroup section */
		5B2DF84D272E999F16B3F027 /* Pods */ = {
			isa = PBXGroup;
			children = (
				436D8D80DEFE724CD1C957CA /* Pods-SongBook.debug.xcconfig */,
				18B2E23A93B8A7264DAFBB7E /* Pods-SongBook.release.xcconfig */,
			);
			name = Pods;
			sourceTree = "<group>";
		};
		D414498B21BEA595005FDB67 /* Model */ = {
			isa = PBXGroup;
			children = (
				D414498C21BEA5AB005FDB67 /* SongModel.swift */,
			);
			path = Model;
			sourceTree = "<group>";
		};
		D414498E21BEA64C005FDB67 /* ViewModel */ = {
			isa = PBXGroup;
			children = (
				D414498F21BEA674005FDB67 /* SongListViewModel.swift */,
			);
			path = ViewModel;
			sourceTree = "<group>";
		};
		D414499121BEA88C005FDB67 /* TableView */ = {
			isa = PBXGroup;
			children = (
				D414499521BEA94F005FDB67 /* DataSource */,
			);
			path = TableView;
			sourceTree = "<group>";
		};
		D414499521BEA94F005FDB67 /* DataSource */ = {
			isa = PBXGroup;
			children = (
				D414499621BEA995005FDB67 /* SongListTableViewDataSource.swift */,
			);
			path = DataSource;
			sourceTree = "<group>";
		};
		D414499A21BEABDF005FDB67 /* SongBookBuilders */ = {
			isa = PBXGroup;
			children = (
				D414499821BEAB17005FDB67 /* SongListBuilder.swift */,
			);
			path = SongBookBuilders;
			sourceTree = "<group>";
		};
		D4258A8E21BFAF41001C2E38 /* Extensions */ = {
			isa = PBXGroup;
			children = (
				D4258A8F21BFAF55001C2E38 /* String+Extension.swift */,
			);
			path = Extensions;
			sourceTree = "<group>";
		};
		D4258A9121BFB3DE001C2E38 /* Proxy */ = {
			isa = PBXGroup;
			children = (
				D4258A9221BFB448001C2E38 /* BaseCoreDataProxy.swift */,
			);
			path = Proxy;
			sourceTree = "<group>";
		};
		D4357A6A21A99F94003EA666 = {
			isa = PBXGroup;
			children = (
				D4357A7521A99F94003EA666 /* SongBook */,
				D4357A7421A99F94003EA666 /* Products */,
				5B2DF84D272E999F16B3F027 /* Pods */,
				DCF2B4FBAE60283E1E93D61B /* Frameworks */,
			);
			sourceTree = "<group>";
		};
		D4357A7421A99F94003EA666 /* Products */ = {
			isa = PBXGroup;
			children = (
				D4357A7321A99F94003EA666 /* SongBook.app */,
			);
			name = Products;
			sourceTree = "<group>";
		};
		D4357A7521A99F94003EA666 /* SongBook */ = {
			isa = PBXGroup;
			children = (
				D4258A8E21BFAF41001C2E38 /* Extensions */,
				D414499A21BEABDF005FDB67 /* SongBookBuilders */,
				D414498E21BEA64C005FDB67 /* ViewModel */,
				D414498B21BEA595005FDB67 /* Model */,
				D4357A9821A9C844003EA666 /* Resources */,
				D4357A9121A9BC27003EA666 /* Protocols */,
				D4357A9021A9BBD9003EA666 /* View */,
				D4357A8F21A9BBC7003EA666 /* Database */,
				D4357A8E21A9BADC003EA666 /* Supporting files */,
				D4357A8D21A9BA9B003EA666 /* CommonUtils */,
			);
			path = SongBook;
			sourceTree = "<group>";
		};
		D4357A8D21A9BA9B003EA666 /* CommonUtils */ = {
			isa = PBXGroup;
			children = (
				D4357A7621A99F94003EA666 /* AppDelegate.swift */,
				D4357A9421A9BD1F003EA666 /* InitializableViewController.swift */,
			);
			path = CommonUtils;
			sourceTree = "<group>";
		};
		D4357A8E21A9BADC003EA666 /* Supporting files */ = {
			isa = PBXGroup;
			children = (
				D4357A8221A99F96003EA666 /* LaunchScreen.storyboard */,
				D4357A8B21A9A9D7003EA666 /* GoogleService-Info.plist */,
				D4357A8521A99F96003EA666 /* Info.plist */,
				D4357A8021A99F96003EA666 /* Assets.xcassets */,
			);
			path = "Supporting files";
			sourceTree = "<group>";
		};
		D4357A8F21A9BBC7003EA666 /* Database */ = {
			isa = PBXGroup;
			children = (
				D4258A9121BFB3DE001C2E38 /* Proxy */,
				D4357A7D21A99F95003EA666 /* SongBook.xcdatamodeld */,
			);
			path = Database;
			sourceTree = "<group>";
		};
		D4357A9021A9BBD9003EA666 /* View */ = {
			isa = PBXGroup;
			children = (
				D414499121BEA88C005FDB67 /* TableView */,
				D4357A7821A99F94003EA666 /* SongListViewController.swift */,
				D4357A9621A9BF4A003EA666 /* SongListInitializer.swift */,
				D414499B21BEB96C005FDB67 /* SongView.swift */,
			);
			path = View;
			sourceTree = "<group>";
		};
		D4357A9121A9BC27003EA666 /* Protocols */ = {
			isa = PBXGroup;
			children = (
				D4357A9221A9BC54003EA666 /* IInitializer.swift */,
				D414498821BEA326005FDB67 /* IUIUpdatable.swift */,
			);
			path = Protocols;
			sourceTree = "<group>";
		};
		D4357A9821A9C844003EA666 /* Resources */ = {
			isa = PBXGroup;
			children = (
				D4357A9921A9C875003EA666 /* Common */,
			);
			path = Resources;
			sourceTree = "<group>";
		};
		D4357A9921A9C875003EA666 /* Common */ = {
			isa = PBXGroup;
			children = (
				D4357A9A21A9C8C6003EA666 /* Common.xcassets */,
			);
			path = Common;
			sourceTree = "<group>";
		};
		DCF2B4FBAE60283E1E93D61B /* Frameworks */ = {
			isa = PBXGroup;
			children = (
				BBBEB5962E270B9F7AB831B6 /* Pods_SongBook.framework */,
			);
			name = Frameworks;
			sourceTree = "<group>";
		};
/* End PBXGroup section */

/* Begin PBXNativeTarget section */
		D4357A7221A99F94003EA666 /* SongBook */ = {
			isa = PBXNativeTarget;
			buildConfigurationList = D4357A8821A99F96003EA666 /* Build configuration list for PBXNativeTarget "SongBook" */;
			buildPhases = (
				C50278D5E2E4153B862E6380 /* [CP] Check Pods Manifest.lock */,
				D4357A6F21A99F94003EA666 /* Sources */,
				D4357A7021A99F94003EA666 /* Frameworks */,
				D4357A7121A99F94003EA666 /* Resources */,
				83C3DB6EEE71BFDBA8A654C3 /* [CP] Embed Pods Frameworks */,
			);
			buildRules = (
			);
			dependencies = (
			);
			name = SongBook;
			productName = SongBook;
			productReference = D4357A7321A99F94003EA666 /* SongBook.app */;
			productType = "com.apple.product-type.application";
		};
/* End PBXNativeTarget section */

/* Begin PBXProject section */
		D4357A6B21A99F94003EA666 /* Project object */ = {
			isa = PBXProject;
			attributes = {
				LastSwiftUpdateCheck = 1010;
				LastUpgradeCheck = 1010;
				ORGANIZATIONNAME = Mrrrnyaaa;
				TargetAttributes = {
					D4357A7221A99F94003EA666 = {
						CreatedOnToolsVersion = 10.1;
					};
				};
			};
			buildConfigurationList = D4357A6E21A99F94003EA666 /* Build configuration list for PBXProject "SongBook" */;
			compatibilityVersion = "Xcode 9.3";
			developmentRegion = en;
			hasScannedForEncodings = 0;
			knownRegions = (
				en,
				Base,
			);
			mainGroup = D4357A6A21A99F94003EA666;
			productRefGroup = D4357A7421A99F94003EA666 /* Products */;
			projectDirPath = "";
			projectRoot = "";
			targets = (
				D4357A7221A99F94003EA666 /* SongBook */,
			);
		};
/* End PBXProject section */

/* Begin PBXResourcesBuildPhase section */
		D4357A7121A99F94003EA666 /* Resources */ = {
			isa = PBXResourcesBuildPhase;
			buildActionMask = 2147483647;
			files = (
				D4357A9B21A9C8C6003EA666 /* Common.xcassets in Resources */,
				D4357A8421A99F96003EA666 /* LaunchScreen.storyboard in Resources */,
				D4357A8121A99F96003EA666 /* Assets.xcassets in Resources */,
				D4357A8C21A9A9D7003EA666 /* GoogleService-Info.plist in Resources */,
			);
			runOnlyForDeploymentPostprocessing = 0;
		};
/* End PBXResourcesBuildPhase section */

/* Begin PBXShellScriptBuildPhase section */
		83C3DB6EEE71BFDBA8A654C3 /* [CP] Embed Pods Frameworks */ = {
			isa = PBXShellScriptBuildPhase;
			buildActionMask = 2147483647;
			files = (
			);
			inputPaths = (
				"${SRCROOT}/Pods/Target Support Files/Pods-SongBook/Pods-SongBook-frameworks.sh",
				"${BUILT_PRODUCTS_DIR}/GoogleUtilities/GoogleUtilities.framework",
				"${BUILT_PRODUCTS_DIR}/SnapKit/SnapKit.framework",
				"${BUILT_PRODUCTS_DIR}/nanopb/nanopb.framework",
			);
			name = "[CP] Embed Pods Frameworks";
			outputPaths = (
				"${TARGET_BUILD_DIR}/${FRAMEWORKS_FOLDER_PATH}/GoogleUtilities.framework",
				"${TARGET_BUILD_DIR}/${FRAMEWORKS_FOLDER_PATH}/SnapKit.framework",
				"${TARGET_BUILD_DIR}/${FRAMEWORKS_FOLDER_PATH}/nanopb.framework",
			);
			runOnlyForDeploymentPostprocessing = 0;
			shellPath = /bin/sh;
			shellScript = "\"${SRCROOT}/Pods/Target Support Files/Pods-SongBook/Pods-SongBook-frameworks.sh\"\n";
			showEnvVarsInLog = 0;
		};
		C50278D5E2E4153B862E6380 /* [CP] Check Pods Manifest.lock */ = {
			isa = PBXShellScriptBuildPhase;
			buildActionMask = 2147483647;
			files = (
			);
			inputPaths = (
				"${PODS_PODFILE_DIR_PATH}/Podfile.lock",
				"${PODS_ROOT}/Manifest.lock",
			);
			name = "[CP] Check Pods Manifest.lock";
			outputPaths = (
				"$(DERIVED_FILE_DIR)/Pods-SongBook-checkManifestLockResult.txt",
			);
			runOnlyForDeploymentPostprocessing = 0;
			shellPath = /bin/sh;
			shellScript = "diff \"${PODS_PODFILE_DIR_PATH}/Podfile.lock\" \"${PODS_ROOT}/Manifest.lock\" > /dev/null\nif [ $? != 0 ] ; then\n    # print error to STDERR\n    echo \"error: The sandbox is not in sync with the Podfile.lock. Run 'pod install' or update your CocoaPods installation.\" >&2\n    exit 1\nfi\n# This output is used by Xcode 'outputs' to avoid re-running this script phase.\necho \"SUCCESS\" > \"${SCRIPT_OUTPUT_FILE_0}\"\n";
			showEnvVarsInLog = 0;
		};
/* End PBXShellScriptBuildPhase section */

/* Begin PBXSourcesBuildPhase section */
		D4357A6F21A99F94003EA666 /* Sources */ = {
			isa = PBXSourcesBuildPhase;
			buildActionMask = 2147483647;
			files = (
				D414499021BEA674005FDB67 /* SongListViewModel.swift in Sources */,
				D4357A7F21A99F95003EA666 /* SongBook.xcdatamodeld in Sources */,
				D4357A7921A99F94003EA666 /* SongListViewController.swift in Sources */,
				D414499C21BEB96C005FDB67 /* SongView.swift in Sources */,
				D4258A9321BFB448001C2E38 /* BaseCoreDataProxy.swift in Sources */,
				D414498D21BEA5AB005FDB67 /* SongModel.swift in Sources */,
				D414498921BEA326005FDB67 /* IUIUpdatable.swift in Sources */,
				D4258A9021BFAF55001C2E38 /* String+Extension.swift in Sources */,
				D4357A9321A9BC54003EA666 /* IInitializer.swift in Sources */,
				D4357A9721A9BF4A003EA666 /* SongListInitializer.swift in Sources */,
				D414499721BEA995005FDB67 /* SongListTableViewDataSource.swift in Sources */,
				D4357A9521A9BD1F003EA666 /* InitializableViewController.swift in Sources */,
				D414499921BEAB17005FDB67 /* SongListBuilder.swift in Sources */,
				D4357A7721A99F94003EA666 /* AppDelegate.swift in Sources */,
			);
			runOnlyForDeploymentPostprocessing = 0;
		};
/* End PBXSourcesBuildPhase section */

/* Begin PBXVariantGroup section */
		D4357A8221A99F96003EA666 /* LaunchScreen.storyboard */ = {
			isa = PBXVariantGroup;
			children = (
				D4357A8321A99F96003EA666 /* Base */,
			);
			name = LaunchScreen.storyboard;
			sourceTree = "<group>";
		};
/* End PBXVariantGroup section */

/* Begin XCBuildConfiguration section */
		D4357A8621A99F96003EA666 /* Debug */ = {
			isa = XCBuildConfiguration;
			buildSettings = {
				ALWAYS_SEARCH_USER_PATHS = NO;
				CLANG_ANALYZER_NONNULL = YES;
				CLANG_ANALYZER_NUMBER_OBJECT_CONVERSION = YES_AGGRESSIVE;
				CLANG_CXX_LANGUAGE_STANDARD = "gnu++14";
				CLANG_CXX_LIBRARY = "libc++";
				CLANG_ENABLE_MODULES = YES;
				CLANG_ENABLE_OBJC_ARC = YES;
				CLANG_ENABLE_OBJC_WEAK = YES;
				CLANG_WARN_BLOCK_CAPTURE_AUTORELEASING = YES;
				CLANG_WARN_BOOL_CONVERSION = YES;
				CLANG_WARN_COMMA = YES;
				CLANG_WARN_CONSTANT_CONVERSION = YES;
				CLANG_WARN_DEPRECATED_OBJC_IMPLEMENTATIONS = YES;
				CLANG_WARN_DIRECT_OBJC_ISA_USAGE = YES_ERROR;
				CLANG_WARN_DOCUMENTATION_COMMENTS = YES;
				CLANG_WARN_EMPTY_BODY = YES;
				CLANG_WARN_ENUM_CONVERSION = YES;
				CLANG_WARN_INFINITE_RECURSION = YES;
				CLANG_WARN_INT_CONVERSION = YES;
				CLANG_WARN_NON_LITERAL_NULL_CONVERSION = YES;
				CLANG_WARN_OBJC_IMPLICIT_RETAIN_SELF = YES;
				CLANG_WARN_OBJC_LITERAL_CONVERSION = YES;
				CLANG_WARN_OBJC_ROOT_CLASS = YES_ERROR;
				CLANG_WARN_RANGE_LOOP_ANALYSIS = YES;
				CLANG_WARN_STRICT_PROTOTYPES = YES;
				CLANG_WARN_SUSPICIOUS_MOVE = YES;
				CLANG_WARN_UNGUARDED_AVAILABILITY = YES_AGGRESSIVE;
				CLANG_WARN_UNREACHABLE_CODE = YES;
				CLANG_WARN__DUPLICATE_METHOD_MATCH = YES;
				CODE_SIGN_IDENTITY = "iPhone Developer";
				COPY_PHASE_STRIP = NO;
				DEBUG_INFORMATION_FORMAT = dwarf;
				ENABLE_STRICT_OBJC_MSGSEND = YES;
				ENABLE_TESTABILITY = YES;
				GCC_C_LANGUAGE_STANDARD = gnu11;
				GCC_DYNAMIC_NO_PIC = NO;
				GCC_NO_COMMON_BLOCKS = YES;
				GCC_OPTIMIZATION_LEVEL = 0;
				GCC_PREPROCESSOR_DEFINITIONS = (
					"DEBUG=1",
					"$(inherited)",
				);
				GCC_WARN_64_TO_32_BIT_CONVERSION = YES;
				GCC_WARN_ABOUT_RETURN_TYPE = YES_ERROR;
				GCC_WARN_UNDECLARED_SELECTOR = YES;
				GCC_WARN_UNINITIALIZED_AUTOS = YES_AGGRESSIVE;
				GCC_WARN_UNUSED_FUNCTION = YES;
				GCC_WARN_UNUSED_VARIABLE = YES;
				IPHONEOS_DEPLOYMENT_TARGET = 11.0;
				MTL_ENABLE_DEBUG_INFO = INCLUDE_SOURCE;
				MTL_FAST_MATH = YES;
				ONLY_ACTIVE_ARCH = YES;
				SDKROOT = iphoneos;
				SWIFT_ACTIVE_COMPILATION_CONDITIONS = DEBUG;
				SWIFT_OPTIMIZATION_LEVEL = "-Onone";
			};
			name = Debug;
		};
		D4357A8721A99F96003EA666 /* Release */ = {
			isa = XCBuildConfiguration;
			buildSettings = {
				ALWAYS_SEARCH_USER_PATHS = NO;
				CLANG_ANALYZER_NONNULL = YES;
				CLANG_ANALYZER_NUMBER_OBJECT_CONVERSION = YES_AGGRESSIVE;
				CLANG_CXX_LANGUAGE_STANDARD = "gnu++14";
				CLANG_CXX_LIBRARY = "libc++";
				CLANG_ENABLE_MODULES = YES;
				CLANG_ENABLE_OBJC_ARC = YES;
				CLANG_ENABLE_OBJC_WEAK = YES;
				CLANG_WARN_BLOCK_CAPTURE_AUTORELEASING = YES;
				CLANG_WARN_BOOL_CONVERSION = YES;
				CLANG_WARN_COMMA = YES;
				CLANG_WARN_CONSTANT_CONVERSION = YES;
				CLANG_WARN_DEPRECATED_OBJC_IMPLEMENTATIONS = YES;
				CLANG_WARN_DIRECT_OBJC_ISA_USAGE = YES_ERROR;
				CLANG_WARN_DOCUMENTATION_COMMENTS = YES;
				CLANG_WARN_EMPTY_BODY = YES;
				CLANG_WARN_ENUM_CONVERSION = YES;
				CLANG_WARN_INFINITE_RECURSION = YES;
				CLANG_WARN_INT_CONVERSION = YES;
				CLANG_WARN_NON_LITERAL_NULL_CONVERSION = YES;
				CLANG_WARN_OBJC_IMPLICIT_RETAIN_SELF = YES;
				CLANG_WARN_OBJC_LITERAL_CONVERSION = YES;
				CLANG_WARN_OBJC_ROOT_CLASS = YES_ERROR;
				CLANG_WARN_RANGE_LOOP_ANALYSIS = YES;
				CLANG_WARN_STRICT_PROTOTYPES = YES;
				CLANG_WARN_SUSPICIOUS_MOVE = YES;
				CLANG_WARN_UNGUARDED_AVAILABILITY = YES_AGGRESSIVE;
				CLANG_WARN_UNREACHABLE_CODE = YES;
				CLANG_WARN__DUPLICATE_METHOD_MATCH = YES;
				CODE_SIGN_IDENTITY = "iPhone Developer";
				COPY_PHASE_STRIP = NO;
				DEBUG_INFORMATION_FORMAT = "dwarf-with-dsym";
				ENABLE_NS_ASSERTIONS = NO;
				ENABLE_STRICT_OBJC_MSGSEND = YES;
				GCC_C_LANGUAGE_STANDARD = gnu11;
				GCC_NO_COMMON_BLOCKS = YES;
				GCC_WARN_64_TO_32_BIT_CONVERSION = YES;
				GCC_WARN_ABOUT_RETURN_TYPE = YES_ERROR;
				GCC_WARN_UNDECLARED_SELECTOR = YES;
				GCC_WARN_UNINITIALIZED_AUTOS = YES_AGGRESSIVE;
				GCC_WARN_UNUSED_FUNCTION = YES;
				GCC_WARN_UNUSED_VARIABLE = YES;
				IPHONEOS_DEPLOYMENT_TARGET = 11.0;
				MTL_ENABLE_DEBUG_INFO = NO;
				MTL_FAST_MATH = YES;
				SDKROOT = iphoneos;
				SWIFT_COMPILATION_MODE = wholemodule;
				SWIFT_OPTIMIZATION_LEVEL = "-O";
				VALIDATE_PRODUCT = YES;
			};
			name = Release;
		};
		D4357A8921A99F96003EA666 /* Debug */ = {
			isa = XCBuildConfiguration;
			baseConfigurationReference = 436D8D80DEFE724CD1C957CA /* Pods-SongBook.debug.xcconfig */;
			buildSettings = {
				ASSETCATALOG_COMPILER_APPICON_NAME = AppIcon;
				CODE_SIGN_STYLE = Automatic;
				DEVELOPMENT_TEAM = A5GU43C3YM;
				INFOPLIST_FILE = "$(SRCROOT)/SongBook/Supporting files/Info.plist";
				IPHONEOS_DEPLOYMENT_TARGET = 11.0;
				LD_RUNPATH_SEARCH_PATHS = (
					"$(inherited)",
					"@executable_path/Frameworks",
				);
				PRODUCT_BUNDLE_IDENTIFIER = com.mrrrnyaaa.SongBook;
				PRODUCT_NAME = "$(TARGET_NAME)";
				SWIFT_VERSION = 4.2;
				TARGETED_DEVICE_FAMILY = "1,2";
			};
			name = Debug;
		};
		D4357A8A21A99F96003EA666 /* Release */ = {
			isa = XCBuildConfiguration;
			baseConfigurationReference = 18B2E23A93B8A7264DAFBB7E /* Pods-SongBook.release.xcconfig */;
			buildSettings = {
				ASSETCATALOG_COMPILER_APPICON_NAME = AppIcon;
				CODE_SIGN_STYLE = Automatic;
				DEVELOPMENT_TEAM = A5GU43C3YM;
				INFOPLIST_FILE = "$(SRCROOT)/SongBook/Supporting files/Info.plist";
				IPHONEOS_DEPLOYMENT_TARGET = 11.0;
				LD_RUNPATH_SEARCH_PATHS = (
					"$(inherited)",
					"@executable_path/Frameworks",
				);
				PRODUCT_BUNDLE_IDENTIFIER = com.mrrrnyaaa.SongBook;
				PRODUCT_NAME = "$(TARGET_NAME)";
				SWIFT_VERSION = 4.2;
				TARGETED_DEVICE_FAMILY = "1,2";
			};
			name = Release;
		};
/* End XCBuildConfiguration section */

/* Begin XCConfigurationList section */
		D4357A6E21A99F94003EA666 /* Build configuration list for PBXProject "SongBook" */ = {
			isa = XCConfigurationList;
			buildConfigurations = (
				D4357A8621A99F96003EA666 /* Debug */,
				D4357A8721A99F96003EA666 /* Release */,
			);
			defaultConfigurationIsVisible = 0;
			defaultConfigurationName = Release;
		};
		D4357A8821A99F96003EA666 /* Build configuration list for PBXNativeTarget "SongBook" */ = {
			isa = XCConfigurationList;
			buildConfigurations = (
				D4357A8921A99F96003EA666 /* Debug */,
				D4357A8A21A99F96003EA666 /* Release */,
			);
			defaultConfigurationIsVisible = 0;
			defaultConfigurationName = Release;
		};
/* End XCConfigurationList section */

/* Begin XCVersionGroup section */
		D4357A7D21A99F95003EA666 /* SongBook.xcdatamodeld */ = {
			isa = XCVersionGroup;
			children = (
				D4357A7E21A99F95003EA666 /* SongBook.xcdatamodel */,
			);
			currentVersion = D4357A7E21A99F95003EA666 /* SongBook.xcdatamodel */;
			path = SongBook.xcdatamodeld;
			sourceTree = "<group>";
			versionGroupType = wrapper.xcdatamodel;
		};
/* End XCVersionGroup section */
	};
	rootObject = D4357A6B21A99F94003EA666 /* Project object */;
}
